
Microsoft Visual Studio Solution File, Format Version 12.00
Project("{FAE04EC0-301F-11D3-BF4B-00C04F79EFBC}") = "TestAPI.Web", "TestAPI.Web\TestAPI.Web.csproj", "{4A248346-2DF6-4A88-8F43-CD26FAECE501}"
EndProject
Global
	GlobalSection(SolutionConfigurationPlatforms) = preSolution
		Debug|Any CPU = Debug|Any CPU
		Release|Any CPU = Release|Any CPU
	EndGlobalSection
	GlobalSection(ProjectConfigurationPlatforms) = postSolution
		{4A248346-2DF6-4A88-8F43-CD26FAECE501}.Debug|Any CPU.ActiveCfg = Debug|Any CPU
		{4A248346-2DF6-4A88-8F43-CD26FAECE501}.Debug|Any CPU.Build.0 = Debug|Any CPU
		{4A248346-2DF6-4A88-8F43-CD26FAECE501}.Release|Any CPU.ActiveCfg = Release|Any CPU
		{4A248346-2DF6-4A88-8F43-CD26FAECE501}.Release|Any CPU.Build.0 = Release|Any CPU
	EndGlobalSection
EndGlobal
